{
  "version": "2",
  "remote": {
    "https://deno.land/std@0.128.0/_util/assert.ts": "e94f2eb37cebd7f199952e242c77654e43333c1ac4c5c700e929ea3aa5489f74",
    "https://deno.land/std@0.128.0/_util/os.ts": "49b92edea1e82ba295ec946de8ffd956ed123e2948d9bd1d3e901b04e4307617",
    "https://deno.land/std@0.128.0/path/_constants.ts": "df1db3ffa6dd6d1252cc9617e5d72165cd2483df90e93833e13580687b6083c3",
    "https://deno.land/std@0.128.0/path/_interface.ts": "ee3b431a336b80cf445441109d089b70d87d5e248f4f90ff906820889ecf8d09",
    "https://deno.land/std@0.128.0/path/_util.ts": "c1e9686d0164e29f7d880b2158971d805b6e0efc3110d0b3e24e4b8af2190d2b",
    "https://deno.land/std@0.128.0/path/common.ts": "bee563630abd2d97f99d83c96c2fa0cca7cee103e8cb4e7699ec4d5db7bd2633",
    "https://deno.land/std@0.128.0/path/glob.ts": "cb5255638de1048973c3e69e420c77dc04f75755524cb3b2e160fe9277d939ee",
    "https://deno.land/std@0.128.0/path/mod.ts": "4275129bb766f0e475ecc5246aa35689eeade419d72a48355203f31802640be7",
    "https://deno.land/std@0.128.0/path/posix.ts": "663e4a6fe30a145f56aa41a22d95114c4c5582d8b57d2d7c9ed27ad2c47636bb",
    "https://deno.land/std@0.128.0/path/separator.ts": "fe1816cb765a8068afb3e8f13ad272351c85cbc739af56dacfc7d93d710fe0f9",
    "https://deno.land/std@0.128.0/path/win32.ts": "e7bdf63e8d9982b4d8a01ef5689425c93310ece950e517476e22af10f41a136e",
    "https://deno.land/std@0.150.0/_util/assert.ts": "e94f2eb37cebd7f199952e242c77654e43333c1ac4c5c700e929ea3aa5489f74",
    "https://deno.land/std@0.150.0/_util/os.ts": "3b4c6e27febd119d36a416d7a97bd3b0251b77c88942c8f16ee5953ea13e2e49",
    "https://deno.land/std@0.150.0/path/_constants.ts": "df1db3ffa6dd6d1252cc9617e5d72165cd2483df90e93833e13580687b6083c3",
    "https://deno.land/std@0.150.0/path/_interface.ts": "ee3b431a336b80cf445441109d089b70d87d5e248f4f90ff906820889ecf8d09",
    "https://deno.land/std@0.150.0/path/_util.ts": "c1e9686d0164e29f7d880b2158971d805b6e0efc3110d0b3e24e4b8af2190d2b",
    "https://deno.land/std@0.150.0/path/common.ts": "bee563630abd2d97f99d83c96c2fa0cca7cee103e8cb4e7699ec4d5db7bd2633",
    "https://deno.land/std@0.150.0/path/glob.ts": "cb5255638de1048973c3e69e420c77dc04f75755524cb3b2e160fe9277d939ee",
    "https://deno.land/std@0.150.0/path/mod.ts": "4945b430b759b0b3d98f2a278542cbcf95e0ad2bd8eaaed3c67322b306b2b346",
    "https://deno.land/std@0.150.0/path/posix.ts": "c1f7afe274290ea0b51da07ee205653b2964bd74909a82deb07b69a6cc383aaa",
    "https://deno.land/std@0.150.0/path/separator.ts": "fe1816cb765a8068afb3e8f13ad272351c85cbc739af56dacfc7d93d710fe0f9",
    "https://deno.land/std@0.150.0/path/win32.ts": "bd7549042e37879c68ff2f8576a25950abbfca1d696d41d82c7bca0b7e6f452c",
    "https://deno.land/std@0.154.0/_deno_unstable.ts": "4ddb8672d49d58b5bbc4a5a7a2f1b3bce4fd06aa4c8b8476728334391667de7b",
    "https://deno.land/std@0.154.0/_util/assert.ts": "e94f2eb37cebd7f199952e242c77654e43333c1ac4c5c700e929ea3aa5489f74",
    "https://deno.land/std@0.154.0/_util/os.ts": "3b4c6e27febd119d36a416d7a97bd3b0251b77c88942c8f16ee5953ea13e2e49",
    "https://deno.land/std@0.154.0/bytes/equals.ts": "3c3558c3ae85526f84510aa2b48ab2ad7bdd899e2e0f5b7a8ffc85acb3a6043a",
    "https://deno.land/std@0.154.0/bytes/mod.ts": "763f97d33051cc3f28af1a688dfe2830841192a9fea0cbaa55f927b49d49d0bf",
    "https://deno.land/std@0.154.0/encoding/base64.ts": "c57868ca7fa2fbe919f57f88a623ad34e3d970d675bdc1ff3a9d02bba7409db2",
    "https://deno.land/std@0.154.0/encoding/base64url.ts": "a5f82a9fa703bd85a5eb8e7c1296bc6529e601ebd9642cc2b5eaa6b38fa9e05a",
    "https://deno.land/std@0.154.0/encoding/hex.ts": "4cc5324417cbb4ac9b828453d35aed45b9cc29506fad658f1f138d981ae33795",
    "https://deno.land/std@0.154.0/fs/_util.ts": "fdc156f897197f261a1c096dcf8ff9267ed0ff42bd5b31f55053a4763a4bae3b",
    "https://deno.land/std@0.154.0/fs/copy.ts": "922d59fd88aaf244bec5403791011deba22690b880988e85b822191e708eac2d",
    "https://deno.land/std@0.154.0/fs/empty_dir.ts": "c15a0aaaf40f8c21cca902aa1e01a789ad0c2fd1b7e2eecf4957053c5dbf707f",
    "https://deno.land/std@0.154.0/fs/ensure_dir.ts": "76395fc1c989ca8d2de3aedfa8240eb8f5225cde20f926de957995b063135b80",
    "https://deno.land/std@0.154.0/fs/ensure_file.ts": "b8e32ea63aa21221d0219760ba3f741f682d7f7d68d0d24a3ec067c338568152",
    "https://deno.land/std@0.154.0/fs/ensure_link.ts": "5cc1c04f18487d7d1edf4c5469705f30b61390ffd24ad7db6df85e7209b32bb2",
    "https://deno.land/std@0.154.0/fs/ensure_symlink.ts": "cdad19ee0d0c44b22e3e8f114415d09e1b98e7fc5606f4c3bcebc8a929ee1e30",
    "https://deno.land/std@0.154.0/fs/eol.ts": "b92f0b88036de507e7e6fbedbe8f666835ea9dcbf5ac85917fa1fadc919f83a5",
    "https://deno.land/std@0.154.0/fs/exists.ts": "cb734d872f8554ea40b8bff77ad33d4143c1187eac621a55bf37781a43c56f6d",
    "https://deno.land/std@0.154.0/fs/expand_glob.ts": "333a8b9b0726b6909e5af30fb99c68e5b0e734d37af8cbc2ad1f062f26ca4d50",
    "https://deno.land/std@0.154.0/fs/mod.ts": "354a6f972ef4e00c4dd1f1339a8828ef0764c1c23d3c0010af3fcc025d8655b0",
    "https://deno.land/std@0.154.0/fs/move.ts": "6d7fa9da60dbc7a32dd7fdbc2ff812b745861213c8e92ba96dace0669b0c378c",
    "https://deno.land/std@0.154.0/fs/walk.ts": "d6c73a2a2fb5fde60150ce27cff3fff420e72e5bb84131b4919c9a41d74712ce",
    "https://deno.land/std@0.154.0/hash/_wasm/hash.ts": "b408d3859efa8f755fabe63042df9872353bbd3a9c72943e4a6cda1de53e3aa6",
    "https://deno.land/std@0.154.0/hash/_wasm/lib/deno_hash.generated.mjs": "1591bee0464c0bdcf29fb21951d0cccf1a93d7f47ea7b67bcf90f151a66b1cff",
    "https://deno.land/std@0.154.0/hash/hasher.ts": "42fa30957370d69d22800a901ee147a2539b2b8cf3a9000737a4b0fb2317bb8f",
    "https://deno.land/std@0.154.0/hash/mod.ts": "30903d6c4623e4bda798415a9fa14d6c1f2343abb3257dffe9a7f3b19009d967",
    "https://deno.land/std@0.154.0/media_types/_util.ts": "ce9b4fc4ba1c447dafab619055e20fd88236ca6bdd7834a21f98bd193c3fbfa1",
    "https://deno.land/std@0.154.0/media_types/mod.ts": "74885352135624774b8cd164f3a9d866aac1e0dc3ccb5412e2a2d56ed4b1fc99",
    "https://deno.land/std@0.154.0/media_types/vendor/mime-db.v1.52.0.ts": "724cee25fa40f1a52d3937d6b4fbbfdd7791ff55e1b7ac08d9319d5632c7f5af",
    "https://deno.land/std@0.154.0/node/_buffer.d.ts": "90f674081428a61978b6d481c5f557ff743a3f4a85d7ae113caab48fdf5b8a63",
    "https://deno.land/std@0.154.0/node/_buffer.mjs": "4e3e6b0f0613300340705a99a1998c655ba22bf08644c49df21f4aaa44e951d0",
    "https://deno.land/std@0.154.0/node/buffer.ts": "0e4e409bc03754e99c3e9fbdd10ff50834fd5d6e8654f70efeff054afde58821",
    "https://deno.land/std@0.154.0/node/internal/buffer.mjs": "6662fe7fe517329453545be34cea27a24f8ccd6d09afd4f609f11ade2b6dfca7",
    "https://deno.land/std@0.154.0/node/internal/crypto/_keys.ts": "7f993ece8c8e94a292944518cf4173521c6bf01785e75be014cd45a9cc2e4ad5",
    "https://deno.land/std@0.154.0/node/internal/crypto/constants.ts": "d2c8821977aef55e4d66414d623c24a2447791a8b49b6404b8db32d81e20c315",
    "https://deno.land/std@0.154.0/node/internal/error_codes.ts": "ac03c4eae33de3a69d6c98e8678003207eecf75a6900eb847e3fea3c8c9e6d8f",
    "https://deno.land/std@0.154.0/node/internal/hide_stack_frames.ts": "a91962ec84610bc7ec86022c4593cdf688156a5910c07b5bcd71994225c13a03",
    "https://deno.land/std@0.154.0/node/internal/normalize_encoding.mjs": "3779ec8a7adf5d963b0224f9b85d1bc974a2ec2db0e858396b5d3c2c92138a0a",
    "https://deno.land/std@0.154.0/node/internal/util.mjs": "98b26aa4eb6ca70fe6c140eb296759cea54fe1b46a87a91288073dbc88d46eb0",
    "https://deno.land/std@0.154.0/node/internal/util/types.ts": "de6e2b7f9b9985ab881b1e78f05ae51d1fc829ae1584063df21e57b35312f3c4",
    "https://deno.land/std@0.154.0/node/internal/validators.mjs": "a7e82eafb7deb85c332d5f8d9ffef052f46a42d4a121eada4a54232451acc49a",
    "https://deno.land/std@0.154.0/node/internal_binding/_node.ts": "e4075ba8a37aef4eb5b592c8e3807c39cb49ca8653faf8e01a43421938076c1b",
    "https://deno.land/std@0.154.0/node/internal_binding/_utils.ts": "1c50883b5751a9ea1b38951e62ed63bacfdc9d69ea665292edfa28e1b1c5bd94",
    "https://deno.land/std@0.154.0/node/internal_binding/buffer.ts": "781e1d13adc924864e6e37ecb5152e8a4e994cf394695136e451c47f00bda76c",
    "https://deno.land/std@0.154.0/node/internal_binding/string_decoder.ts": "5cb1863763d1e9b458bc21d6f976f16d9c18b3b3f57eaf0ade120aee38fba227",
    "https://deno.land/std@0.154.0/node/internal_binding/types.ts": "4c26fb74ba2e45de553c15014c916df6789529a93171e450d5afb016b4c765e7",
    "https://deno.land/std@0.154.0/path/_constants.ts": "df1db3ffa6dd6d1252cc9617e5d72165cd2483df90e93833e13580687b6083c3",
    "https://deno.land/std@0.154.0/path/_interface.ts": "ee3b431a336b80cf445441109d089b70d87d5e248f4f90ff906820889ecf8d09",
    "https://deno.land/std@0.154.0/path/_util.ts": "d16be2a16e1204b65f9d0dfc54a9bc472cafe5f4a190b3c8471ec2016ccd1677",
    "https://deno.land/std@0.154.0/path/common.ts": "bee563630abd2d97f99d83c96c2fa0cca7cee103e8cb4e7699ec4d5db7bd2633",
    "https://deno.land/std@0.154.0/path/glob.ts": "cb5255638de1048973c3e69e420c77dc04f75755524cb3b2e160fe9277d939ee",
    "https://deno.land/std@0.154.0/path/mod.ts": "56fec03ad0ebd61b6ab39ddb9b0ddb4c4a5c9f2f4f632e09dd37ec9ebfd722ac",
    "https://deno.land/std@0.154.0/path/posix.ts": "c1f7afe274290ea0b51da07ee205653b2964bd74909a82deb07b69a6cc383aaa",
    "https://deno.land/std@0.154.0/path/separator.ts": "fe1816cb765a8068afb3e8f13ad272351c85cbc739af56dacfc7d93d710fe0f9",
    "https://deno.land/std@0.154.0/path/win32.ts": "bd7549042e37879c68ff2f8576a25950abbfca1d696d41d82c7bca0b7e6f452c",
    "https://deno.land/std@0.173.0/_util/asserts.ts": "178dfc49a464aee693a7e285567b3d0b555dc805ff490505a8aae34f9cfb1462",
    "https://deno.land/std@0.173.0/_util/os.ts": "d932f56d41e4f6a6093d56044e29ce637f8dcc43c5a90af43504a889cf1775e3",
    "https://deno.land/std@0.173.0/async/abortable.ts": "73acfb3ed7261ce0d930dbe89e43db8d34e017b063cf0eaa7d215477bf53442e",
    "https://deno.land/std@0.173.0/async/deadline.ts": "b98e50d2c42399af03ad13bbb8cf59dadb9f0cd5d70648cc0c3b9202d75ab565",
    "https://deno.land/std@0.173.0/async/debounce.ts": "adab11d04ca38d699444ac8a9d9856b4155e8dda2afd07ce78276c01ea5a4332",
    "https://deno.land/std@0.173.0/async/deferred.ts": "42790112f36a75a57db4a96d33974a936deb7b04d25c6084a9fa8a49f135def8",
    "https://deno.land/std@0.173.0/async/delay.ts": "73aa04cec034c84fc748c7be49bb15cac3dd43a57174bfdb7a4aec22c248f0dd",
    "https://deno.land/std@0.173.0/async/mod.ts": "f04344fa21738e5ad6bea37a6bfffd57c617c2d372bb9f9dcfd118a1b622e576",
    "https://deno.land/std@0.173.0/async/mux_async_iterator.ts": "70c7f2ee4e9466161350473ad61cac0b9f115cff4c552eaa7ef9d50c4cbb4cc9",
    "https://deno.land/std@0.173.0/async/pool.ts": "fd082bd4aaf26445909889435a5c74334c017847842ec035739b4ae637ae8260",
    "https://deno.land/std@0.173.0/async/retry.ts": "5efa3ba450ac0c07a40a82e2df296287b5013755d232049efd7ea2244f15b20f",
    "https://deno.land/std@0.173.0/async/tee.ts": "47e42d35f622650b02234d43803d0383a89eb4387e1b83b5a40106d18ae36757",
    "https://deno.land/std@0.173.0/bytes/index_of_needle.ts": "65c939607df609374c4415598fa4dad04a2f14c4d98cd15775216f0aaf597f24",
    "https://deno.land/std@0.173.0/crypto/timing_safe_equal.ts": "8d69ab611c67fe51b6127d97fcfb4d8e7d0e1b6b4f3e0cc4ab86744c3691f965",
    "https://deno.land/std@0.173.0/encoding/base64.ts": "7de04c2f8aeeb41453b09b186480be90f2ff357613b988e99fabb91d2eeceba1",
    "https://deno.land/std@0.173.0/encoding/base64url.ts": "3f1178f6446834457b16bfde8b559c1cd3481727fe384d3385e4a9995dc2d851",
    "https://deno.land/std@0.173.0/flags/mod.ts": "d1cdefa18472ef69858a17df5cf7c98445ed27ac10e1460183081303b0ebc270",
    "https://deno.land/std@0.173.0/node/_core.ts": "8667bf9129cdcbaac6f5c14f4def45ca954928baaa697a0ffdb0ee1556d4c644",
    "https://deno.land/std@0.173.0/node/_events.d.ts": "1347437fd6b084d7c9a4e16b9fe7435f00b030970086482edeeb3b179d0775af",
    "https://deno.land/std@0.173.0/node/_events.mjs": "d4ba4e629abe3db9f1b14659fd5c282b7da8b2b95eaf13238eee4ebb142a2448",
    "https://deno.land/std@0.173.0/node/_global.d.ts": "2d88342f38b4083b858998e27c706725fb03a74aa14ef8d985dc18438b5188e4",
    "https://deno.land/std@0.173.0/node/_next_tick.ts": "9a3cf107d59b019a355d3cf32275b4c6157282e4b68ea85b46a799cb1d379305",
    "https://deno.land/std@0.173.0/node/_process/exiting.ts": "6e336180aaabd1192bf99ffeb0d14b689116a3dec1dfb34a2afbacd6766e98ab",
    "https://deno.land/std@0.173.0/node/_process/process.ts": "c96bb1f6253824c372f4866ee006dcefda02b7050d46759736e403f862d91051",
    "https://deno.land/std@0.173.0/node/_process/stdio.mjs": "cf17727eac8da3a665851df700b5aca6a12bacc3ebbf33e63e4b919f80ba44a6",
    "https://deno.land/std@0.173.0/node/_process/streams.mjs": "c1461c4dbf963a93a0ca8233467573a685bbde347562573761cc9435fd7080f6",
    "https://deno.land/std@0.173.0/node/_stream.d.ts": "112e1a0677cd6db932c3ce0e6e5bbdc7a2ac1874572f449044ecc82afcf5ee2e",
    "https://deno.land/std@0.173.0/node/_stream.mjs": "d6e2c86c1158ac65b4c2ca4fa019d7e84374ff12e21e2175345fe68c0823efe3",
    "https://deno.land/std@0.173.0/node/_utils.ts": "7fd55872a0cf9275e3c080a60e2fa6d45b8de9e956ebcde9053e72a344185884",
    "https://deno.land/std@0.173.0/node/buffer.ts": "85617be2063eccaf177dbb84c7580d1e32023724ed14bd9df4e453b152a26167",
    "https://deno.land/std@0.173.0/node/events.ts": "d2de352d509de11a375e2cb397d6b98f5fed4e562fc1d41be33214903a38e6b0",
    "https://deno.land/std@0.173.0/node/internal/buffer.d.ts": "bdfa991cd88cb02fd08bf8235d2618550e3e511c970b2a8f2e1a6885a2793cac",
    "https://deno.land/std@0.173.0/node/internal/buffer.mjs": "e92303a3cc6d9aaabcd270a937ad9319825d9ba08cb332650944df4562029b27",
    "https://deno.land/std@0.173.0/node/internal/crypto/_keys.ts": "8f3c3b5a141aa0331a53c205e9338655f1b3b307a08085fd6ff6dda6f7c4190b",
    "https://deno.land/std@0.173.0/node/internal/crypto/constants.ts": "544d605703053218499b08214f2e25cf4310651d535b7ab995891c4b7a217693",
    "https://deno.land/std@0.173.0/node/internal/error_codes.ts": "8495e33f448a484518d76fa3d41d34fc20fe03c14b30130ad8e936b0035d4b8b",
    "https://deno.land/std@0.173.0/node/internal/errors.ts": "1c699b8a3cb93174f697a348c004b1c6d576b66688eac8a48ebb78e65c720aae",
    "https://deno.land/std@0.173.0/node/internal/fixed_queue.ts": "62bb119afa5b5ae8fc0c7048b50502347bec82e2588017d0b250c4671d6eff8f",
    "https://deno.land/std@0.173.0/node/internal/hide_stack_frames.ts": "9dd1bad0a6e62a1042ce3a51eb1b1ecee2f246907bff44835f86e8f021de679a",
    "https://deno.land/std@0.173.0/node/internal/net.ts": "5538d31b595ac63d4b3e90393168bc65ace2f332c3317cffa2fd780070b2d86c",
    "https://deno.land/std@0.173.0/node/internal/normalize_encoding.mjs": "fd1d9df61c44d7196432f6e8244621468715131d18cc79cd299fc78ac549f707",
    "https://deno.land/std@0.173.0/node/internal/options.ts": "888f267c3fe8f18dc7b2f2fbdbe7e4a0fd3302ff3e99f5d6645601e924f3e3fb",
    "https://deno.land/std@0.173.0/node/internal/primordials.mjs": "a72d86b5aa55d3d50b8e916b6a59b7cc0dc5a31da8937114b4a113ad5aa08c74",
    "https://deno.land/std@0.173.0/node/internal/process/per_thread.mjs": "10142bbb13978c2f8f79778ad90f3a67a8ea6d8d2970f3dfc6bf2c6fff0162a2",
    "https://deno.land/std@0.173.0/node/internal/readline/callbacks.mjs": "bdb129b140c3b21b5e08cdc3d8e43517ad818ac03f75197338d665cca1cbaed3",
    "https://deno.land/std@0.173.0/node/internal/readline/utils.mjs": "c3dbf3a97c01ed14052cca3848f09e2fc24818c1822ceed57c33b9f0840f3b87",
    "https://deno.land/std@0.173.0/node/internal/streams/destroy.mjs": "b665fc71178919a34ddeac8389d162a81b4bc693ff7dc2557fa41b3a91011967",
    "https://deno.land/std@0.173.0/node/internal/streams/end-of-stream.mjs": "a4fb1c2e32d58dff440d4e716e2c4daaa403b3095304a028bb428575cfeed716",
    "https://deno.land/std@0.173.0/node/internal/streams/utils.mjs": "f2fe2e6bdc506da24c758970890cc2a21642045b129dee618bd3827c60dd9e33",
    "https://deno.land/std@0.173.0/node/internal/util.mjs": "f7fe2e1ca5e66f550ad0856b9f5ee4d666f0c071fe212ea7fc7f37cfa81f97a5",
    "https://deno.land/std@0.173.0/node/internal/util/inspect.mjs": "11d7c9cab514b8e485acc3978c74b837263ff9c08ae4537fa18ad56bae633259",
    "https://deno.land/std@0.173.0/node/internal/util/types.ts": "4f3625ea39111eaae1443c834e769b0c5ce9ea33b31d5a853b02af6a78105178",
    "https://deno.land/std@0.173.0/node/internal/validators.mjs": "e02f2b02dd072a5d623970292588d541204dc82207b4c58985d933a5f4b382e6",
    "https://deno.land/std@0.173.0/node/internal_binding/_libuv_winerror.ts": "30c9569603d4b97a1f1a034d88a3f74800d5ea1f12fcc3d225c9899d4e1a518b",
    "https://deno.land/std@0.173.0/node/internal_binding/_listen.ts": "c6038be47116f7755c01fd98340a0d1e8e66ef874710ab59ed3f5607d50d7a25",
    "https://deno.land/std@0.173.0/node/internal_binding/_node.ts": "cb2389b0eab121df99853eb6a5e3a684e4537e065fb8bf2cca0cbf219ce4e32e",
    "https://deno.land/std@0.173.0/node/internal_binding/_timingSafeEqual.ts": "7d9732464d3c669ff07713868ce5d25bc974a06112edbfb5f017fc3c70c0853e",
    "https://deno.land/std@0.173.0/node/internal_binding/_utils.ts": "7c58a2fbb031a204dee9583ba211cf9c67922112fe77e7f0b3226112469e9fe1",
    "https://deno.land/std@0.173.0/node/internal_binding/_winerror.ts": "3e8cfdfe22e89f13d2b28529bab35155e6b1730c0221ec5a6fc7077dc037be13",
    "https://deno.land/std@0.173.0/node/internal_binding/ares.ts": "bdd34c679265a6c115a8cfdde000656837a0a0dcdb0e4c258e622e136e9c31b8",
    "https://deno.land/std@0.173.0/node/internal_binding/async_wrap.ts": "0dc5ae64eea2c9e57ab17887ef1573922245167ffe38e3685c28d636f487f1b7",
    "https://deno.land/std@0.173.0/node/internal_binding/buffer.ts": "31729e0537921d6c730ad0afea44a7e8a0a1044d070ade8368226cb6f7390c8b",
    "https://deno.land/std@0.173.0/node/internal_binding/cares_wrap.ts": "9b7247772167f8ed56acd0244a232d9d50e8d7c9cfc379f77f3d54cecc2f32ab",
    "https://deno.land/std@0.173.0/node/internal_binding/config.ts": "37d293009d1718205bf28e878e54a9f1ca24c1c320cee2416c20dc054104c6ea",
    "https://deno.land/std@0.173.0/node/internal_binding/connection_wrap.ts": "7dd089ea46de38e4992d0f43a09b586e4cf04878fb06863c1cb8cb2ece7da521",
    "https://deno.land/std@0.173.0/node/internal_binding/constants.ts": "21ff9d1ee71d0a2086541083a7711842fc6ae25e264dbf45c73815aadce06f4c",
    "https://deno.land/std@0.173.0/node/internal_binding/contextify.ts": "37d293009d1718205bf28e878e54a9f1ca24c1c320cee2416c20dc054104c6ea",
    "https://deno.land/std@0.173.0/node/internal_binding/credentials.ts": "37d293009d1718205bf28e878e54a9f1ca24c1c320cee2416c20dc054104c6ea",
    "https://deno.land/std@0.173.0/node/internal_binding/crypto.ts": "29e8f94f283a2e7d4229d3551369c6a40c2af9737fad948cb9be56bef6c468cd",
    "https://deno.land/std@0.173.0/node/internal_binding/errors.ts": "37d293009d1718205bf28e878e54a9f1ca24c1c320cee2416c20dc054104c6ea",
    "https://deno.land/std@0.173.0/node/internal_binding/fs.ts": "37d293009d1718205bf28e878e54a9f1ca24c1c320cee2416c20dc054104c6ea",
    "https://deno.land/std@0.173.0/node/internal_binding/fs_dir.ts": "37d293009d1718205bf28e878e54a9f1ca24c1c320cee2416c20dc054104c6ea",
    "https://deno.land/std@0.173.0/node/internal_binding/fs_event_wrap.ts": "37d293009d1718205bf28e878e54a9f1ca24c1c320cee2416c20dc054104c6ea",
    "https://deno.land/std@0.173.0/node/internal_binding/handle_wrap.ts": "adf0b8063da2c54f26edd5e8ec50296a4d38e42716a70a229f14654b17a071d9",
    "https://deno.land/std@0.173.0/node/internal_binding/heap_utils.ts": "37d293009d1718205bf28e878e54a9f1ca24c1c320cee2416c20dc054104c6ea",
    "https://deno.land/std@0.173.0/node/internal_binding/http_parser.ts": "37d293009d1718205bf28e878e54a9f1ca24c1c320cee2416c20dc054104c6ea",
    "https://deno.land/std@0.173.0/node/internal_binding/icu.ts": "37d293009d1718205bf28e878e54a9f1ca24c1c320cee2416c20dc054104c6ea",
    "https://deno.land/std@0.173.0/node/internal_binding/inspector.ts": "37d293009d1718205bf28e878e54a9f1ca24c1c320cee2416c20dc054104c6ea",
    "https://deno.land/std@0.173.0/node/internal_binding/js_stream.ts": "37d293009d1718205bf28e878e54a9f1ca24c1c320cee2416c20dc054104c6ea",
    "https://deno.land/std@0.173.0/node/internal_binding/messaging.ts": "37d293009d1718205bf28e878e54a9f1ca24c1c320cee2416c20dc054104c6ea",
    "https://deno.land/std@0.173.0/node/internal_binding/mod.ts": "9fc65f7af1d35e2d3557539a558ea9ad7a9954eefafe614ad82d94bddfe25845",
    "https://deno.land/std@0.173.0/node/internal_binding/module_wrap.ts": "37d293009d1718205bf28e878e54a9f1ca24c1c320cee2416c20dc054104c6ea",
    "https://deno.land/std@0.173.0/node/internal_binding/native_module.ts": "37d293009d1718205bf28e878e54a9f1ca24c1c320cee2416c20dc054104c6ea",
    "https://deno.land/std@0.173.0/node/internal_binding/natives.ts": "37d293009d1718205bf28e878e54a9f1ca24c1c320cee2416c20dc054104c6ea",
    "https://deno.land/std@0.173.0/node/internal_binding/node_file.ts": "21edbbc95653e45514aff252b6cae7bf127a4338cbc5f090557d258aa205d8a5",
    "https://deno.land/std@0.173.0/node/internal_binding/node_options.ts": "0b5cb0bf4379a39278d7b7bb6bb2c2751baf428fe437abe5ed3e8441fae1f18b",
    "https://deno.land/std@0.173.0/node/internal_binding/options.ts": "37d293009d1718205bf28e878e54a9f1ca24c1c320cee2416c20dc054104c6ea",
    "https://deno.land/std@0.173.0/node/internal_binding/os.ts": "37d293009d1718205bf28e878e54a9f1ca24c1c320cee2416c20dc054104c6ea",
    "https://deno.land/std@0.173.0/node/internal_binding/performance.ts": "37d293009d1718205bf28e878e54a9f1ca24c1c320cee2416c20dc054104c6ea",
    "https://deno.land/std@0.173.0/node/internal_binding/pipe_wrap.ts": "e5429879551fb7195039986fe6da920a86971fad4342046cbf653643e6c85e21",
    "https://deno.land/std@0.173.0/node/internal_binding/process_methods.ts": "37d293009d1718205bf28e878e54a9f1ca24c1c320cee2416c20dc054104c6ea",
    "https://deno.land/std@0.173.0/node/internal_binding/report.ts": "37d293009d1718205bf28e878e54a9f1ca24c1c320cee2416c20dc054104c6ea",
    "https://deno.land/std@0.173.0/node/internal_binding/serdes.ts": "37d293009d1718205bf28e878e54a9f1ca24c1c320cee2416c20dc054104c6ea",
    "https://deno.land/std@0.173.0/node/internal_binding/signal_wrap.ts": "37d293009d1718205bf28e878e54a9f1ca24c1c320cee2416c20dc054104c6ea",
    "https://deno.land/std@0.173.0/node/internal_binding/spawn_sync.ts": "37d293009d1718205bf28e878e54a9f1ca24c1c320cee2416c20dc054104c6ea",
    "https://deno.land/std@0.173.0/node/internal_binding/stream_wrap.ts": "452bff74d1db280a0cd78c75a95bb6d163e849e06e9638c4af405d40296bd050",
    "https://deno.land/std@0.173.0/node/internal_binding/string_decoder.ts": "54c3c1cbd5a9254881be58bf22637965dc69535483014dab60487e299cb95445",
    "https://deno.land/std@0.173.0/node/internal_binding/symbols.ts": "4dee2f3a400d711fd57fa3430b8de1fdb011e08e260b81fef5b81cc06ed77129",
    "https://deno.land/std@0.173.0/node/internal_binding/task_queue.ts": "37d293009d1718205bf28e878e54a9f1ca24c1c320cee2416c20dc054104c6ea",
    "https://deno.land/std@0.173.0/node/internal_binding/tcp_wrap.ts": "cbede7224fcf0adc4b04e2e1222488a7a9c137807f143bd32cc8b1a121e0d4fa",
    "https://deno.land/std@0.173.0/node/internal_binding/timers.ts": "37d293009d1718205bf28e878e54a9f1ca24c1c320cee2416c20dc054104c6ea",
    "https://deno.land/std@0.173.0/node/internal_binding/tls_wrap.ts": "37d293009d1718205bf28e878e54a9f1ca24c1c320cee2416c20dc054104c6ea",
    "https://deno.land/std@0.173.0/node/internal_binding/trace_events.ts": "37d293009d1718205bf28e878e54a9f1ca24c1c320cee2416c20dc054104c6ea",
    "https://deno.land/std@0.173.0/node/internal_binding/tty_wrap.ts": "37d293009d1718205bf28e878e54a9f1ca24c1c320cee2416c20dc054104c6ea",
    "https://deno.land/std@0.173.0/node/internal_binding/types.ts": "5a658bf08975af30d0fad6fa6247274379be26ba3f023425bec03e61c74083ef",
    "https://deno.land/std@0.173.0/node/internal_binding/udp_wrap.ts": "cc86f7e51bf56fd619505cf9d4f77d7aae1526abdf295399dd277162d28ca6c1",
    "https://deno.land/std@0.173.0/node/internal_binding/url.ts": "37d293009d1718205bf28e878e54a9f1ca24c1c320cee2416c20dc054104c6ea",
    "https://deno.land/std@0.173.0/node/internal_binding/util.ts": "808ff3b92740284184ab824adfc420e75398c88c8bccf5111f0c24ac18c48f10",
    "https://deno.land/std@0.173.0/node/internal_binding/uv.ts": "eb0048e30af4db407fb3f95563e30d70efd6187051c033713b0a5b768593a3a3",
    "https://deno.land/std@0.173.0/node/internal_binding/v8.ts": "37d293009d1718205bf28e878e54a9f1ca24c1c320cee2416c20dc054104c6ea",
    "https://deno.land/std@0.173.0/node/internal_binding/worker.ts": "37d293009d1718205bf28e878e54a9f1ca24c1c320cee2416c20dc054104c6ea",
    "https://deno.land/std@0.173.0/node/internal_binding/zlib.ts": "37d293009d1718205bf28e878e54a9f1ca24c1c320cee2416c20dc054104c6ea",
    "https://deno.land/std@0.173.0/node/process.ts": "6608012d6d51a17a7346f36079c574b9b9f81f1b5c35436489ad089f39757466",
    "https://deno.land/std@0.173.0/node/stream.ts": "09e348302af40dcc7dc58aa5e40fdff868d11d8d6b0cfb85cbb9c75b9fe450c7",
    "https://deno.land/std@0.173.0/node/string_decoder.ts": "1a17e3572037c512cc5fc4b29076613e90f225474362d18da908cb7e5ccb7e88",
    "https://deno.land/std@0.173.0/path/_constants.ts": "e49961f6f4f48039c0dfed3c3f93e963ca3d92791c9d478ac5b43183413136e0",
    "https://deno.land/std@0.173.0/path/_interface.ts": "6471159dfbbc357e03882c2266d21ef9afdb1e4aa771b0545e90db58a0ba314b",
    "https://deno.land/std@0.173.0/path/_util.ts": "86c2375a996c1931b2f2ac71fefd5ddf0cf0e579fa4ab12d3e4c552d4223b8d8",
    "https://deno.land/std@0.173.0/path/common.ts": "ee7505ab01fd22de3963b64e46cff31f40de34f9f8de1fff6a1bd2fe79380000",
    "https://deno.land/std@0.173.0/path/glob.ts": "d479e0a695621c94d3fd7fe7abd4f9499caf32a8de13f25073451c6ef420a4e1",
    "https://deno.land/std@0.173.0/path/mod.ts": "4b83694ac500d7d31b0cdafc927080a53dc0c3027eb2895790fb155082b0d232",
    "https://deno.land/std@0.173.0/path/posix.ts": "0874b341c2c6968ca38d323338b8b295ea1dae10fa872a768d812e2e7d634789",
    "https://deno.land/std@0.173.0/path/separator.ts": "0fb679739d0d1d7bf45b68dacfb4ec7563597a902edbaf3c59b50d5bcadd93b1",
    "https://deno.land/std@0.173.0/path/win32.ts": "672942919dd66ce1b8c224e77d3447e2ad8254eaff13fe6946420a9f78fa141e",
    "https://deno.land/std@0.173.0/streams/write_all.ts": "3b2e1ce44913f966348ce353d02fa5369e94115181037cd8b602510853ec3033",
    "https://deno.land/std@0.173.0/types.d.ts": "220ed56662a0bd393ba5d124aa6ae2ad36a00d2fcbc0e8666a65f4606aaa9784",
    "https://deno.land/x/denoflate@1.2.1/mod.ts": "f5628e44b80b3d80ed525afa2ba0f12408e3849db817d47a883b801f9ce69dd6",
    "https://deno.land/x/denoflate@1.2.1/pkg/denoflate.js": "b9f9ad9457d3f12f28b1fb35c555f57443427f74decb403113d67364e4f2caf4",
    "https://deno.land/x/denoflate@1.2.1/pkg/denoflate_bg.wasm.js": "d581956245407a2115a3d7e8d85a9641c032940a8e810acbd59ca86afd34d44d",
    "https://deno.land/x/esbuild@v0.14.51/mod.d.ts": "c142324d0383c39de0d7660cd207a7f7f52c7198a13d7d3281c0d636a070f441",
    "https://deno.land/x/esbuild@v0.15.7/mod.d.ts": "466c89257fb35dcf74a146ec60d50d5d7ce522326850d60a149ac0173ee12cd8",
    "https://deno.land/x/esbuild@v0.15.7/mod.js": "3b3c008d7fd1e1135980b2214c374c2ca48cb9da869038e3df8b1e05e0054bd4",
    "https://deno.land/x/importmap@0.2.1/_util.ts": "ada9a9618b537e6c0316c048a898352396c882b9f2de38aba18fd3f2950ede89",
    "https://deno.land/x/importmap@0.2.1/mod.ts": "ae3d1cd7eabd18c01a4960d57db471126b020f23b37ef14e1359bbb949227ade",
    "https://deno.land/x/lru@1.0.2/mod.ts": "1d44b87c4d40ff33749ae5fd85fe234344e0dace835fdfeb48413edea9461159",
    "https://deno.land/x/remix_esbuild_deno_loader@0.5.2/deps.ts": "bf83c27b7787b2f245fa0bc0b99f5041aa949c000a81c016cfe828d06b476d37",
    "https://deno.land/x/remix_esbuild_deno_loader@0.5.2/mod.ts": "d82ca9a84bb726f2ad3a819331de0e6fbb9aeacaea0d899c09f2d51c6d6b5c83",
    "https://deno.land/x/remix_esbuild_deno_loader@0.5.2/src/deno.ts": "0e83ccabbe2b004389288e38df2031b79eb347df2d139fce9394d8e88a11f259",
    "https://deno.land/x/remix_esbuild_deno_loader@0.5.2/src/native_loader.ts": "343854a566cf510cf25144f7c09fc0c1097780a31830305142a075d12bb697ba",
    "https://deno.land/x/remix_esbuild_deno_loader@0.5.2/src/portable_loader.ts": "35b6c526eed8c2c781a3256b23c30aa7cce69c0ef1d583c15528663287ba18a3",
    "https://deno.land/x/remix_esbuild_deno_loader@0.5.2/src/shared.ts": "b64749cd8c0f6252a11498bd8758ef1220003e46b2c9b68e16da63fd7e92b13a",
    "https://esm.sh/@remix-run/deno@1.11.1/crypto.ts": "eebe31154429710fc7cd9816ff93dde44ab07a2721851a39cf22a45031ef34df",
    "https://esm.sh/@remix-run/deno@1.11.1/globals.ts": "e812acff6cfe896810d3e6780282c3db8e56b76c56f59fb27adf815afdf8375b",
    "https://esm.sh/@remix-run/deno@1.11.1/implementations.ts": "4a9769fee7ea8fc6c12e9a861d382c4192de2f6ea0fa5339fd99c913a6cb5433",
    "https://esm.sh/@remix-run/deno@1.11.1/index.ts?dev": "83269f87c7dece9a0911f6f288b527ada885cc454e7abf120d09c6f16fbc766d",
    "https://esm.sh/@remix-run/deno@1.11.1/server.ts": "5ecad52561905b90c6f4cdd4879250e8d091d42082ad451d283cb79d9a2861cb",
    "https://esm.sh/@remix-run/deno@1.11.1/sessions/fileStorage.ts": "60ca48ee8a2daa5e6ca1c497a732080e2a783f015e42ff2da51c4120b01d7573",
    "https://esm.sh/@remix-run/react@1.11.1?deps=react@18.2.0,react-dom@18.2.0&dev": "90e837e2f18a55e9d38f3e07b27dfb5bbb67f1ad2deaeff5b60e61324b42ac9a",
    "https://esm.sh/@remix-run/server-runtime@1.11.1?dev": "34f1473cee06d2593c8d4f406ddec165d2f031dc5ea5424ddc389b1414282576",
    "https://esm.sh/esbuild-wasm@0.15.7/lib/browser.js?pin=v86&target=deno": "672a230fc6412ef31f34119a6629a600fa858952ad3f1927d793e7cf62bb692f",
    "https://esm.sh/mime@3.0.0?no-dts": "af360151002feeee20fbe77735525795838beeae06ebef4e2f5723c15eaca6ba",
    "https://esm.sh/react-dom@18.2.0/server?dev": "602a779080723ed1cdddd523402ed290b2435ad42dbaebea24e069aa1f92a631",
    "https://esm.sh/react-rewards@2.0.4?dev": "bb00c04d6120ea6ce2c0b7a9550382f7b90f8e13763073862fa15615aae21068",
    "https://esm.sh/react@18.2.0/jsx-runtime?dev": "2e10d8d92bae3ca529069e327d81704f2dfdaced06b634bb9e4d26acd72f9bc8",
    "https://esm.sh/react@18.2.0?dev": "1306f3c86708121041a0b38a6d8c1c21730f3d193945bd627e134c4c857c194f",
    "https://esm.sh/stable/react@18.2.0/deno/jsx-runtime.development.js": "1d6363383359bdead774964b5944288b63a10294d219883668d189de620d826a",
    "https://esm.sh/stable/react@18.2.0/deno/react.development.js": "b0b585ef972c06268564c7ace7b0b92d161f250c8b2c4547287dc4cd0ea4415e",
    "https://esm.sh/v103/@remix-run/react@1.11.1/X-ZC9yZWFjdC1kb21AMTguMi4wLHJlYWN0QDE4LjIuMA/deno/react.development.js": "5fb607dd0f6728897b13223ac57ab75fe20eb072bda9956e807b49917251a970",
    "https://esm.sh/v103/@remix-run/react@1.11.1/X-ZC9yZWFjdC1kb21AMTguMi4wLHJlYWN0QDE4LjIuMA/dist/browser.d.ts": "d091361277d1acb14b33b486040074ef587ec43a14781f7390e61a36725710e8",
    "https://esm.sh/v103/@remix-run/react@1.11.1/X-ZC9yZWFjdC1kb21AMTguMi4wLHJlYWN0QDE4LjIuMA/dist/components.d.ts": "452541f221e8e5f5b73182384858b082c0850ebd629a51b40e4c6d4067c46aa5",
    "https://esm.sh/v103/@remix-run/react@1.11.1/X-ZC9yZWFjdC1kb21AMTguMi4wLHJlYWN0QDE4LjIuMA/dist/data.d.ts": "bf074ae7717ddc6df10b2edee4b69cc3dcc14292f22410d2a85aa030ac66a2f0",
    "https://esm.sh/v103/@remix-run/react@1.11.1/X-ZC9yZWFjdC1kb21AMTguMi4wLHJlYWN0QDE4LjIuMA/dist/entry.d.ts": "80e9539694a64e8b0be66354ccdc5af5ef35195efe2845748c263c599a71b99e",
    "https://esm.sh/v103/@remix-run/react@1.11.1/X-ZC9yZWFjdC1kb21AMTguMi4wLHJlYWN0QDE4LjIuMA/dist/errorBoundaries.d.ts": "6aff83762b512f6fbc1f89a21ed659acbc6b774c6dddbb98501d7b143d8e6b4b",
    "https://esm.sh/v103/@remix-run/react@1.11.1/X-ZC9yZWFjdC1kb21AMTguMi4wLHJlYWN0QDE4LjIuMA/dist/errors.d.ts": "d1b66716d8d12595d78bcbf71a5b96ad8568ad77d64baec3d2f610c70bf297f6",
    "https://esm.sh/v103/@remix-run/react@1.11.1/X-ZC9yZWFjdC1kb21AMTguMi4wLHJlYWN0QDE4LjIuMA/dist/index.d.ts": "bb54e463ee12a6ffa8443fe6161b7d8d308c8959b50b4b95fc7b6c4a6c7458a2",
    "https://esm.sh/v103/@remix-run/react@1.11.1/X-ZC9yZWFjdC1kb21AMTguMi4wLHJlYWN0QDE4LjIuMA/dist/links.d.ts": "6a393b0810dacf99d5a4388d389c1d9544e13c16949c7b56d1161e8483e9a882",
    "https://esm.sh/v103/@remix-run/react@1.11.1/X-ZC9yZWFjdC1kb21AMTguMi4wLHJlYWN0QDE4LjIuMA/dist/routeData.d.ts": "87011494cb014cbb49e4a6c03c419d0f18ca37d87b3cbc5d845083becb3e66da",
    "https://esm.sh/v103/@remix-run/react@1.11.1/X-ZC9yZWFjdC1kb21AMTguMi4wLHJlYWN0QDE4LjIuMA/dist/routeModules.d.ts": "20e6d5c4e126019bc6db429c1a47c3be8359712699025bac1315e2bdbb301686",
    "https://esm.sh/v103/@remix-run/react@1.11.1/X-ZC9yZWFjdC1kb21AMTguMi4wLHJlYWN0QDE4LjIuMA/dist/routes.d.ts": "373b7bf9e35da47c4e584e7b41232b2e359165054c78c5c3c3a4c44e0c7d9c92",
    "https://esm.sh/v103/@remix-run/react@1.11.1/X-ZC9yZWFjdC1kb21AMTguMi4wLHJlYWN0QDE4LjIuMA/dist/scroll-restoration.d.ts": "42f66899eeb3c6b272093fb05e2d93eb0e3ed81a860534a659dcdebde4a31546",
    "https://esm.sh/v103/@remix-run/react@1.11.1/X-ZC9yZWFjdC1kb21AMTguMi4wLHJlYWN0QDE4LjIuMA/dist/server.d.ts": "1a458449e0798995f344c87efe2843f9f7a2c470c3f7a06f0db0137340518dc4",
    "https://esm.sh/v103/@remix-run/react@1.11.1/X-ZC9yZWFjdC1kb21AMTguMi4wLHJlYWN0QDE4LjIuMA/dist/transition.d.ts": "8173a69743fcc87fdb6ee8d64bd81808a0bcc43e18b4926aabdeb97dac250b05",
    "https://esm.sh/v103/@remix-run/router@1.3.0/X-ZC9yZWFjdC1kb21AMTguMi4wLHJlYWN0QDE4LjIuMA/deno/router.development.js": "a95add26a839e2c361279ab68bb2e1ae3a5df5ab45627efd8299340efb958cd4",
    "https://esm.sh/v103/@remix-run/router@1.3.0/X-ZC9yZWFjdC1kb21AMTguMi4wLHJlYWN0QDE4LjIuMA/dist/history.d.ts": "c3b0c83284674bc4379467e791536c90d1c75ba8dd25b407a9cf5d40cc067568",
    "https://esm.sh/v103/@remix-run/router@1.3.0/X-ZC9yZWFjdC1kb21AMTguMi4wLHJlYWN0QDE4LjIuMA/dist/index.d.ts": "777bc95989fa62f1d0dc923f05a31277ed39dc26f6bf3d35ea2bde8eebe25c64",
    "https://esm.sh/v103/@remix-run/router@1.3.0/X-ZC9yZWFjdC1kb21AMTguMi4wLHJlYWN0QDE4LjIuMA/dist/router.d.ts": "b3d98c3e225ae3a85e5ae67ebc604a05f689883140caff8cb8db401036c9ef9d",
    "https://esm.sh/v103/@remix-run/router@1.3.0/X-ZC9yZWFjdC1kb21AMTguMi4wLHJlYWN0QDE4LjIuMA/dist/utils.d.ts": "b5f1ed360cd7d0205c0c8642a88881213a26589e46352ff43679daec3d099e6a",
    "https://esm.sh/v103/@remix-run/router@1.3.0/deno/router.development.js": "1a86b65be1c116294843fc7637a4c754f265e337186d41f115cc786ab4c98a1e",
    "https://esm.sh/v103/@remix-run/router@1.3.0/dist/history.d.ts": "c3b0c83284674bc4379467e791536c90d1c75ba8dd25b407a9cf5d40cc067568",
    "https://esm.sh/v103/@remix-run/router@1.3.0/dist/index.d.ts": "777bc95989fa62f1d0dc923f05a31277ed39dc26f6bf3d35ea2bde8eebe25c64",
    "https://esm.sh/v103/@remix-run/router@1.3.0/dist/router.d.ts": "b3d98c3e225ae3a85e5ae67ebc604a05f689883140caff8cb8db401036c9ef9d",
    "https://esm.sh/v103/@remix-run/router@1.3.0/dist/utils.d.ts": "b5f1ed360cd7d0205c0c8642a88881213a26589e46352ff43679daec3d099e6a",
    "https://esm.sh/v103/@remix-run/server-runtime@1.11.1/X-ZC9yZWFjdC1kb21AMTguMi4wLHJlYWN0QDE4LjIuMA/dist/build.d.ts": "af2093056d6c2165cfa49820ade9981526cc2b24e5abdd009449fd8bfdc3b589",
    "https://esm.sh/v103/@remix-run/server-runtime@1.11.1/X-ZC9yZWFjdC1kb21AMTguMi4wLHJlYWN0QDE4LjIuMA/dist/cookies.d.ts": "52a23e2c50682d572745a95893e1ed9d6903949775a647993c358d189de9cd50",
    "https://esm.sh/v103/@remix-run/server-runtime@1.11.1/X-ZC9yZWFjdC1kb21AMTguMi4wLHJlYWN0QDE4LjIuMA/dist/crypto.d.ts": "5e5e396f467801ac9044ed42e29afcd2ee4b10223315c10a5981b1c73bd7b0f2",
    "https://esm.sh/v103/@remix-run/server-runtime@1.11.1/X-ZC9yZWFjdC1kb21AMTguMi4wLHJlYWN0QDE4LjIuMA/dist/data.d.ts": "74cca0009cc5c759255e36368d02c940a7ebdda1c06300e89ecf2de20bc8fd19",
    "https://esm.sh/v103/@remix-run/server-runtime@1.11.1/X-ZC9yZWFjdC1kb21AMTguMi4wLHJlYWN0QDE4LjIuMA/dist/entry.d.ts": "0d0e6abcdbe7a3c1a33113e4c07e8c04d5c314b44bfe9140f510607bbcb539ad",
    "https://esm.sh/v103/@remix-run/server-runtime@1.11.1/X-ZC9yZWFjdC1kb21AMTguMi4wLHJlYWN0QDE4LjIuMA/dist/formData.d.ts": "e00ec488f23f4e998d84f471f8e992580fb437e2a8bcfdb2405acc7fb91d9ab3",
    "https://esm.sh/v103/@remix-run/server-runtime@1.11.1/X-ZC9yZWFjdC1kb21AMTguMi4wLHJlYWN0QDE4LjIuMA/dist/index.d.ts": "8cfa7aef1a642f471c59f19d0ab0a924d4fd1d93be1cae42722306eec4e070fb",
    "https://esm.sh/v103/@remix-run/server-runtime@1.11.1/X-ZC9yZWFjdC1kb21AMTguMi4wLHJlYWN0QDE4LjIuMA/dist/interface.d.ts": "c16c0df14251e28cdc76c77da3d2d2c31938013568fe4479bbaf8fb71e0511c1",
    "https://esm.sh/v103/@remix-run/server-runtime@1.11.1/X-ZC9yZWFjdC1kb21AMTguMi4wLHJlYWN0QDE4LjIuMA/dist/links.d.ts": "8ea328a372d705e44723783eb436e284a91e54499a0ff41a6195842ae64925a3",
    "https://esm.sh/v103/@remix-run/server-runtime@1.11.1/X-ZC9yZWFjdC1kb21AMTguMi4wLHJlYWN0QDE4LjIuMA/dist/reexport.d.ts": "c1437101de30bbb4a3ed2972560b8e2ea6892ce6e713f69b33a5e71ea602edbf",
    "https://esm.sh/v103/@remix-run/server-runtime@1.11.1/X-ZC9yZWFjdC1kb21AMTguMi4wLHJlYWN0QDE4LjIuMA/dist/responses.d.ts": "c544ff4ec8d400c8439375af2e49c3611582da0a728d9eafa40c535acbc1341c",
    "https://esm.sh/v103/@remix-run/server-runtime@1.11.1/X-ZC9yZWFjdC1kb21AMTguMi4wLHJlYWN0QDE4LjIuMA/dist/routeData.d.ts": "87011494cb014cbb49e4a6c03c419d0f18ca37d87b3cbc5d845083becb3e66da",
    "https://esm.sh/v103/@remix-run/server-runtime@1.11.1/X-ZC9yZWFjdC1kb21AMTguMi4wLHJlYWN0QDE4LjIuMA/dist/routeModules.d.ts": "734a8d7a4ac6fc17f1dd9a5de4cdf7ea38ff782d53fc288ec9312b04553ad0f9",
    "https://esm.sh/v103/@remix-run/server-runtime@1.11.1/X-ZC9yZWFjdC1kb21AMTguMi4wLHJlYWN0QDE4LjIuMA/dist/routes.d.ts": "b684698651d780904c4ac6f275f8a2e703d5416d5d827cecb3f354a981cea355",
    "https://esm.sh/v103/@remix-run/server-runtime@1.11.1/X-ZC9yZWFjdC1kb21AMTguMi4wLHJlYWN0QDE4LjIuMA/dist/serialize.d.ts": "fc2dfa900edcf9bf7cb58b923b126235dfdd4ffc17ef750de037a8c79888c9a5",
    "https://esm.sh/v103/@remix-run/server-runtime@1.11.1/X-ZC9yZWFjdC1kb21AMTguMi4wLHJlYWN0QDE4LjIuMA/dist/server.d.ts": "9255f6f69cd0a7f06c49bedcebbdf7a08e72bbf80ec8749b1e25849cbc026c67",
    "https://esm.sh/v103/@remix-run/server-runtime@1.11.1/X-ZC9yZWFjdC1kb21AMTguMi4wLHJlYWN0QDE4LjIuMA/dist/sessions.d.ts": "7509da53569bdbccadf01a69982d4b27cc5a14c86ad9b442ac49232ad07950c8",
    "https://esm.sh/v103/@remix-run/server-runtime@1.11.1/X-ZC9yZWFjdC1kb21AMTguMi4wLHJlYWN0QDE4LjIuMA/dist/sessions/cookieStorage.d.ts": "4c85cf35e45c1476dd77cc035d8bc8ab93544196cce7b1891714621de3f494e9",
    "https://esm.sh/v103/@remix-run/server-runtime@1.11.1/X-ZC9yZWFjdC1kb21AMTguMi4wLHJlYWN0QDE4LjIuMA/dist/sessions/memoryStorage.d.ts": "c3a26242db2b7970f6561ad893a588a07dd13c3981581048ee3c917219d73a1f",
    "https://esm.sh/v103/@remix-run/server-runtime@1.11.1/X-ZC9yZWFjdC1kb21AMTguMi4wLHJlYWN0QDE4LjIuMA/dist/upload/errors.d.ts": "578f7ff7322b543e22ed301860f489e47bcd137d230e9aff3a7cb4bec14bfb60",
    "https://esm.sh/v103/@remix-run/server-runtime@1.11.1/X-ZC9yZWFjdC1kb21AMTguMi4wLHJlYWN0QDE4LjIuMA/dist/upload/memoryUploadHandler.d.ts": "f448285bc16d07b7d6c9ae19466bd97a2af8a09ccb0da1f5da722d28146bdc2c",
    "https://esm.sh/v103/@remix-run/server-runtime@1.11.1/deno/server-runtime.development.js": "6cb6a3e36d98af4797a81fd2194200f9b974a83ef25aa874c092cfabb11f7931",
    "https://esm.sh/v103/@remix-run/server-runtime@1.11.1/dist/build.d.ts": "af2093056d6c2165cfa49820ade9981526cc2b24e5abdd009449fd8bfdc3b589",
    "https://esm.sh/v103/@remix-run/server-runtime@1.11.1/dist/cookies.d.ts": "dc2c80a8ac617ad1e27dbca1295f2d4af479c8c06a4795e4a9c36d51f9e86a98",
    "https://esm.sh/v103/@remix-run/server-runtime@1.11.1/dist/crypto.d.ts": "5e5e396f467801ac9044ed42e29afcd2ee4b10223315c10a5981b1c73bd7b0f2",
    "https://esm.sh/v103/@remix-run/server-runtime@1.11.1/dist/data.d.ts": "6bd9b43031c65bb4398039c9b59c0d2b0908c7910f764badc86111a9234028bf",
    "https://esm.sh/v103/@remix-run/server-runtime@1.11.1/dist/entry.d.ts": "b8bc84b00471898c228dcc244e7967e99f82b8d82ece81ff3fe3b87cb2833a58",
    "https://esm.sh/v103/@remix-run/server-runtime@1.11.1/dist/formData.d.ts": "e00ec488f23f4e998d84f471f8e992580fb437e2a8bcfdb2405acc7fb91d9ab3",
    "https://esm.sh/v103/@remix-run/server-runtime@1.11.1/dist/index.d.ts": "8cfa7aef1a642f471c59f19d0ab0a924d4fd1d93be1cae42722306eec4e070fb",
    "https://esm.sh/v103/@remix-run/server-runtime@1.11.1/dist/interface.d.ts": "c16c0df14251e28cdc76c77da3d2d2c31938013568fe4479bbaf8fb71e0511c1",
    "https://esm.sh/v103/@remix-run/server-runtime@1.11.1/dist/links.d.ts": "8ea328a372d705e44723783eb436e284a91e54499a0ff41a6195842ae64925a3",
    "https://esm.sh/v103/@remix-run/server-runtime@1.11.1/dist/reexport.d.ts": "c1437101de30bbb4a3ed2972560b8e2ea6892ce6e713f69b33a5e71ea602edbf",
    "https://esm.sh/v103/@remix-run/server-runtime@1.11.1/dist/responses.d.ts": "c0998a8437e8f39711df50dbd7b28aa636dd16df51326b5623b2bdfaf892cf68",
    "https://esm.sh/v103/@remix-run/server-runtime@1.11.1/dist/routeData.d.ts": "87011494cb014cbb49e4a6c03c419d0f18ca37d87b3cbc5d845083becb3e66da",
    "https://esm.sh/v103/@remix-run/server-runtime@1.11.1/dist/routeModules.d.ts": "406c231bddd08add91ba566a7a1e5a8563617a922c07f278e090e9351ce4a665",
    "https://esm.sh/v103/@remix-run/server-runtime@1.11.1/dist/routes.d.ts": "3aaf987775c7818d8c25a1f7ccb4274ae835862520142402755e84fa14c1174b",
    "https://esm.sh/v103/@remix-run/server-runtime@1.11.1/dist/serialize.d.ts": "fc2dfa900edcf9bf7cb58b923b126235dfdd4ffc17ef750de037a8c79888c9a5",
    "https://esm.sh/v103/@remix-run/server-runtime@1.11.1/dist/server.d.ts": "622f0821a8f98b1299c49fc624d27e3a1377342b700a00ee5d654a4c6ed63c71",
    "https://esm.sh/v103/@remix-run/server-runtime@1.11.1/dist/sessions.d.ts": "501d1612e4ba12513c352d5ffada741fb0b5cfc03beea1d7b833cfbea6f7b566",
    "https://esm.sh/v103/@remix-run/server-runtime@1.11.1/dist/sessions/cookieStorage.d.ts": "4c85cf35e45c1476dd77cc035d8bc8ab93544196cce7b1891714621de3f494e9",
    "https://esm.sh/v103/@remix-run/server-runtime@1.11.1/dist/sessions/memoryStorage.d.ts": "c3a26242db2b7970f6561ad893a588a07dd13c3981581048ee3c917219d73a1f",
    "https://esm.sh/v103/@remix-run/server-runtime@1.11.1/dist/upload/errors.d.ts": "578f7ff7322b543e22ed301860f489e47bcd137d230e9aff3a7cb4bec14bfb60",
    "https://esm.sh/v103/@remix-run/server-runtime@1.11.1/dist/upload/memoryUploadHandler.d.ts": "ea852942da9cdd00018ed899c0ee8e13712a591e91ef386373f2e321ade992aa",
    "https://esm.sh/v103/@types/cookie@0.4.1/X-ZC9yZWFjdC1kb21AMTguMi4wLHJlYWN0QDE4LjIuMA/index.d.ts": "117ffeecf6c55e25b6446f449ad079029b5e7317399b0a693858faaaea5ca73e",
    "https://esm.sh/v103/@types/cookie@0.4.1/index.d.ts": "117ffeecf6c55e25b6446f449ad079029b5e7317399b0a693858faaaea5ca73e",
    "https://esm.sh/v103/@types/prop-types@15.7.5/X-ZC9yZWFjdC1kb21AMTguMi4wLHJlYWN0QDE4LjIuMA/index.d.ts": "6a386ff939f180ae8ef064699d8b7b6e62bc2731a62d7fbf5e02589383838dea",
    "https://esm.sh/v103/@types/prop-types@15.7.5/index.d.ts": "6a386ff939f180ae8ef064699d8b7b6e62bc2731a62d7fbf5e02589383838dea",
    "https://esm.sh/v103/@types/react@18.0.26/X-ZC9yZWFjdC1kb21AMTguMi4wLHJlYWN0QDE4LjIuMA/global.d.ts": "bbdf156fea2fabed31a569445835aeedcc33643d404fcbaa54541f06c109df3f",
    "https://esm.sh/v103/@types/react@18.0.26/X-ZC9yZWFjdC1kb21AMTguMi4wLHJlYWN0QDE4LjIuMA/index.d.ts": "418add90789226b6e8bbd96ba7d1178d2b14b26c910c7b2c291af970bb802747",
    "https://esm.sh/v103/@types/react@18.0.26/global.d.ts": "bbdf156fea2fabed31a569445835aeedcc33643d404fcbaa54541f06c109df3f",
    "https://esm.sh/v103/@types/react@18.0.26/index.d.ts": "4e552ee54dcbc85a02cfe93b2c9dd6d45d2017faae43cfabcbc9f0687d2cf537",
    "https://esm.sh/v103/@types/scheduler@0.16.2/X-ZC9yZWFjdC1kb21AMTguMi4wLHJlYWN0QDE4LjIuMA/tracing.d.ts": "f5a8b384f182b3851cec3596ccc96cb7464f8d3469f48c74bf2befb782a19de5",
    "https://esm.sh/v103/@types/scheduler@0.16.2/tracing.d.ts": "f5a8b384f182b3851cec3596ccc96cb7464f8d3469f48c74bf2befb782a19de5",
    "https://esm.sh/v103/@web3-storage/multipart-parser@1.0.0/deno/multipart-parser.development.js": "b413908eb45f93a409df68315aeeed99d7aafc6e2a7d42f71aa9e83a09075ad2",
    "https://esm.sh/v103/cookie@0.4.2/deno/cookie.development.js": "03de90467e95d9ecdd1b290d003118430b0688601e6235ae938fad023b823079",
    "https://esm.sh/v103/csstype@3.1.1/X-ZC9yZWFjdC1kb21AMTguMi4wLHJlYWN0QDE4LjIuMA/index.d.ts": "1c29793071152b207c01ea1954e343be9a44d85234447b2b236acae9e709a383",
    "https://esm.sh/v103/csstype@3.1.1/index.d.ts": "1c29793071152b207c01ea1954e343be9a44d85234447b2b236acae9e709a383",
    "https://esm.sh/v103/react-router-dom@6.7.0/X-ZC9yZWFjdC1kb21AMTguMi4wLHJlYWN0QDE4LjIuMA/deno/react-router-dom.development.js": "f5f151e22b6a5c38995e79c7ea2365d227b2de39e25f382a5c2b8f50862efd83",
    "https://esm.sh/v103/react-router-dom@6.7.0/X-ZC9yZWFjdC1kb21AMTguMi4wLHJlYWN0QDE4LjIuMA/deno/server.development.js": "b05094d0a25afb2765e75b59e2fb0d9b53311eaa3ca8ca1791dabe2867ecc29a",
    "https://esm.sh/v103/react-router-dom@6.7.0/X-ZC9yZWFjdC1kb21AMTguMi4wLHJlYWN0QDE4LjIuMA/dist/dom.d.ts": "9e56a10687ae34bf28e45f77991cb5d4d1d62b7d423a52de345f62d3232e04b0",
    "https://esm.sh/v103/react-router-dom@6.7.0/X-ZC9yZWFjdC1kb21AMTguMi4wLHJlYWN0QDE4LjIuMA/dist/index.d.ts": "6b739d546a7882fd15bf8d354330a7d0e2ade52c91678b0fcd28f85f118959df",
    "https://esm.sh/v103/react-router@6.7.0/X-ZC9yZWFjdC1kb21AMTguMi4wLHJlYWN0QDE4LjIuMA/deno/react-router.development.js": "89aef1edb39527ded7b49226b34d0d467ed7fca278317ee6ffed9c164afea311",
    "https://esm.sh/v103/react-router@6.7.0/X-ZC9yZWFjdC1kb21AMTguMi4wLHJlYWN0QDE4LjIuMA/dist/index.d.ts": "4811d07182a8603fea2872d76b5c5f75bc5834d5547a0df75fb39a0e9b7e0610",
    "https://esm.sh/v103/react-router@6.7.0/X-ZC9yZWFjdC1kb21AMTguMi4wLHJlYWN0QDE4LjIuMA/dist/lib/components.d.ts": "5ef652e26bcf3f6dcb4731453c140afb5084fa9a8820ff99200dff388ba629d0",
    "https://esm.sh/v103/react-router@6.7.0/X-ZC9yZWFjdC1kb21AMTguMi4wLHJlYWN0QDE4LjIuMA/dist/lib/context.d.ts": "418e78751dc38b7d9568880c5eccb45f7c3f445d56788a5e9058d70cd03d58b4",
    "https://esm.sh/v103/react-router@6.7.0/X-ZC9yZWFjdC1kb21AMTguMi4wLHJlYWN0QDE4LjIuMA/dist/lib/hooks.d.ts": "44826d5da31c945f0e78d519157356e38768a8115da25adaaa4fd71dfc77d8ff",
    "https://esm.sh/v103/set-cookie-parser@2.5.1/deno/set-cookie-parser.development.js": "16f711dc5e180ce9a787e1245d6cf0f0ccdf98889f9751ae635f82afb37491fe",
    "https://esm.sh/v103/use-sync-external-store@1.2.0/X-ZC9yZWFjdC1kb21AMTguMi4wLHJlYWN0QDE4LjIuMA/deno/cjs/use-sync-external-store-shim.development.development.js": "090cd2511a998281219e50ff586df16f9f722b97c2c6041078ad4e83d06597fd",
    "https://esm.sh/v103/use-sync-external-store@1.2.0/X-ZC9yZWFjdC1kb21AMTguMi4wLHJlYWN0QDE4LjIuMA/deno/shim.development.js": "efb5a57ff157a59f1a7dd5e6008976e75c8f06616a8a256e1694589fd909bd1e",
    "https://esm.sh/v86/esbuild-wasm@0.15.7/deno/lib/browser.js": "9511cee5ee17407436b4750bdb7a3dbbf08fb759efcfc4497d820045d5d0cdb1",
    "https://esm.sh/v86/esbuild-wasm@0.15.7/lib/browser.d.ts": "9a3ccf7cf6d78289e198b34e5c1aa479b70ee7fd497281ffd211195d116c548f",
    "https://esm.sh/v94/@remix-run/router@1.3.0/dist/history.d.ts": "c3b0c83284674bc4379467e791536c90d1c75ba8dd25b407a9cf5d40cc067568",
    "https://esm.sh/v94/@remix-run/router@1.3.0/dist/index.d.ts": "777bc95989fa62f1d0dc923f05a31277ed39dc26f6bf3d35ea2bde8eebe25c64",
    "https://esm.sh/v94/@remix-run/router@1.3.0/dist/router.d.ts": "b3d98c3e225ae3a85e5ae67ebc604a05f689883140caff8cb8db401036c9ef9d",
    "https://esm.sh/v94/@remix-run/router@1.3.0/dist/utils.d.ts": "b5f1ed360cd7d0205c0c8642a88881213a26589e46352ff43679daec3d099e6a",
    "https://esm.sh/v94/@remix-run/server-runtime@1.11.1/dist/data.d.ts": "eee4ab055b9ae1f0cb49c56310f48db0f74fd8f5ef04a7aa1ebfadaeb1dabad9",
    "https://esm.sh/v94/@remix-run/server-runtime@1.11.1/dist/entry.d.ts": "e5fe8684901de47ee7fc1aaae75ef122bd223786a64292a0e79caa8423e977b0",
    "https://esm.sh/v94/@remix-run/server-runtime@1.11.1/dist/links.d.ts": "8ea328a372d705e44723783eb436e284a91e54499a0ff41a6195842ae64925a3",
    "https://esm.sh/v94/@remix-run/server-runtime@1.11.1/dist/responses.d.ts": "2b629c1ff578db2a9ededaf0bebf1e2c44aa9278f99e665fb37d02209afc99af",
    "https://esm.sh/v94/@remix-run/server-runtime@1.11.1/dist/routeData.d.ts": "87011494cb014cbb49e4a6c03c419d0f18ca37d87b3cbc5d845083becb3e66da",
    "https://esm.sh/v94/@remix-run/server-runtime@1.11.1/dist/routeModules.d.ts": "ea69f562d8ac39a528bac1a4a7b235dae8091154e8a0394261fabb6bdcf8be3f",
    "https://esm.sh/v94/@remix-run/server-runtime@1.11.1/dist/routes.d.ts": "d5753bb8bb176af1909af6f0987a3b00c6a301d21cffeed1455aaa10bbe1d931",
    "https://esm.sh/v94/@remix-run/server-runtime@1.11.1/dist/serialize.d.ts": "fc2dfa900edcf9bf7cb58b923b126235dfdd4ffc17ef750de037a8c79888c9a5",
    "https://esm.sh/v94/@types/prop-types@15.7.5/index.d.ts": "6a386ff939f180ae8ef064699d8b7b6e62bc2731a62d7fbf5e02589383838dea",
    "https://esm.sh/v94/@types/react-dom@18.0.6/server~.d.ts": "629eba6936be673a289948cf910aaa3846a67c684abc52f34139af18d7a60831",
    "https://esm.sh/v94/@types/react@18.0.18/global.d.ts": "bbdf156fea2fabed31a569445835aeedcc33643d404fcbaa54541f06c109df3f",
    "https://esm.sh/v94/@types/react@18.0.18/index.d.ts": "c9752bb7ddce515f735348c7dfea736fda02310e18301e1998f8e8ac064eb415",
    "https://esm.sh/v94/@types/react@18.0.18/jsx-runtime~.d.ts": "7efb28f322f647d652575b99e1d9cda1af17e93bdf6f649cc5d0a8527fc75324",
    "https://esm.sh/v94/@types/react@18.0.26/global.d.ts": "bbdf156fea2fabed31a569445835aeedcc33643d404fcbaa54541f06c109df3f",
    "https://esm.sh/v94/@types/react@18.0.26/index.d.ts": "6705203433ae688c0550f5c1d9a51e8eeac48fe4d1f870d2e9042992a711ec0d",
    "https://esm.sh/v94/@types/scheduler@0.16.2/tracing.d.ts": "f5a8b384f182b3851cec3596ccc96cb7464f8d3469f48c74bf2befb782a19de5",
    "https://esm.sh/v94/csstype@3.1.0/index.d.ts": "ba7617784f6b9aeac5e20c5eea869bbc3ef31b905f59c796b0fd401dae17c111",
    "https://esm.sh/v94/csstype@3.1.1/index.d.ts": "1c29793071152b207c01ea1954e343be9a44d85234447b2b236acae9e709a383",
    "https://esm.sh/v94/mime@3.0.0/deno/mime.js": "6bfa09d32e5c39787d597d2d507718076bb32c498d071ad847d83194bcaf86bd",
    "https://esm.sh/v94/react-dom@18.2.0/deno/server.development.js": "152e064a932361683d9513bb4aa346cd18f86ba40514ec16900a63da2dbf5608",
    "https://esm.sh/v94/react-rewards@2.0.4/deno/react-rewards.development.js": "0748f0909d72e258aa8961d9a98c3f716375d55eca804766f03c8107eed191ad",
    "https://esm.sh/v94/react-rewards@2.0.4/dist/react-rewards.d.ts": "46aa94d7738348723cc51253c272e6923809c51ebfa8bca47a851b469c46c788"
  }
}
